// !$*UTF8*$!
{
	archiveVersion = 1;
	classes = {
	};
	objectVersion = 48;
	objects = {

/* Begin PBXBuildFile section */
		861D495422127F8A00CF3449 /* AppDelegate.swift in Sources */ = {isa = PBXBuildFile; fileRef = 861D495322127F8A00CF3449 /* AppDelegate.swift */; };
		861D495922127F8A00CF3449 /* Main.storyboard in Resources */ = {isa = PBXBuildFile; fileRef = 861D495722127F8A00CF3449 /* Main.storyboard */; };
		861D495C22127F8B00CF3449 /* VirtualTourist.xcdatamodeld in Sources */ = {isa = PBXBuildFile; fileRef = 861D495A22127F8B00CF3449 /* VirtualTourist.xcdatamodeld */; };
		861D495E22127F8B00CF3449 /* Assets.xcassets in Resources */ = {isa = PBXBuildFile; fileRef = 861D495D22127F8B00CF3449 /* Assets.xcassets */; };
		861D496122127F8B00CF3449 /* LaunchScreen.storyboard in Resources */ = {isa = PBXBuildFile; fileRef = 861D495F22127F8B00CF3449 /* LaunchScreen.storyboard */; };
		861D497B2216647E00CF3449 /* TravelMapViewController.swift in Sources */ = {isa = PBXBuildFile; fileRef = 861D497A2216647E00CF3449 /* TravelMapViewController.swift */; };
		861D498022167B6A00CF3449 /* ViewController+Extension.swift in Sources */ = {isa = PBXBuildFile; fileRef = 861D497F22167B6A00CF3449 /* ViewController+Extension.swift */; };
		868AED822223EEF1001B8AAC /* CoreDataStack.swift in Sources */ = {isa = PBXBuildFile; fileRef = 868AED812223EEF1001B8AAC /* CoreDataStack.swift */; };
		868AED8422268D2D001B8AAC /* Client.swift in Sources */ = {isa = PBXBuildFile; fileRef = 868AED8322268D2D001B8AAC /* Client.swift */; };
		868AED8722269516001B8AAC /* PhotosParser.swift in Sources */ = {isa = PBXBuildFile; fileRef = 868AED8622269516001B8AAC /* PhotosParser.swift */; };
		868AED8922269569001B8AAC /* Client+Extension.swift in Sources */ = {isa = PBXBuildFile; fileRef = 868AED8822269569001B8AAC /* Client+Extension.swift */; };
		868AED8F2226A552001B8AAC /* PhotoAlbumViewController.swift in Sources */ = {isa = PBXBuildFile; fileRef = 868AED8E2226A552001B8AAC /* PhotoAlbumViewController.swift */; };
		868AED912226A6BC001B8AAC /* Pin.swift in Sources */ = {isa = PBXBuildFile; fileRef = 868AED902226A6BC001B8AAC /* Pin.swift */; };
		868AED932226A6E9001B8AAC /* Pin+CoreDataProperties.swift in Sources */ = {isa = PBXBuildFile; fileRef = 868AED922226A6E9001B8AAC /* Pin+CoreDataProperties.swift */; };
		868AED952226B3C3001B8AAC /* Photo.swift in Sources */ = {isa = PBXBuildFile; fileRef = 868AED942226B3C3001B8AAC /* Photo.swift */; };
		868AED972226F81A001B8AAC /* Photo+CoreDataProperties.swift in Sources */ = {isa = PBXBuildFile; fileRef = 868AED962226F81A001B8AAC /* Photo+CoreDataProperties.swift */; };
		868AED9A2227E0BC001B8AAC /* PhotoCollectionViewCell.swift in Sources */ = {isa = PBXBuildFile; fileRef = 868AED992227E0BC001B8AAC /* PhotoCollectionViewCell.swift */; };
/* End PBXBuildFile section */

/* Begin PBXFileReference section */
		861D495022127F8A00CF3449 /* VirtualTourist.app */ = {isa = PBXFileReference; explicitFileType = wrapper.application; includeInIndex = 0; path = VirtualTourist.app; sourceTree = BUILT_PRODUCTS_DIR; };
		861D495322127F8A00CF3449 /* AppDelegate.swift */ = {isa = PBXFileReference; lastKnownFileType = sourcecode.swift; path = AppDelegate.swift; sourceTree = "<group>"; };
		861D495822127F8A00CF3449 /* Base */ = {isa = PBXFileReference; lastKnownFileType = file.storyboard; name = Base; path = Base.lproj/Main.storyboard; sourceTree = "<group>"; };
		861D495B22127F8B00CF3449 /* VirtualTourist.xcdatamodel */ = {isa = PBXFileReference; lastKnownFileType = wrapper.xcdatamodel; path = VirtualTourist.xcdatamodel; sourceTree = "<group>"; };
		861D495D22127F8B00CF3449 /* Assets.xcassets */ = {isa = PBXFileReference; lastKnownFileType = folder.assetcatalog; path = Assets.xcassets; sourceTree = "<group>"; };
		861D496022127F8B00CF3449 /* Base */ = {isa = PBXFileReference; lastKnownFileType = file.storyboard; name = Base; path = Base.lproj/LaunchScreen.storyboard; sourceTree = "<group>"; };
		861D496222127F8B00CF3449 /* Info.plist */ = {isa = PBXFileReference; lastKnownFileType = text.plist.xml; path = Info.plist; sourceTree = "<group>"; };
		861D497A2216647E00CF3449 /* TravelMapViewController.swift */ = {isa = PBXFileReference; lastKnownFileType = sourcecode.swift; path = TravelMapViewController.swift; sourceTree = "<group>"; };
		861D497F22167B6A00CF3449 /* ViewController+Extension.swift */ = {isa = PBXFileReference; lastKnownFileType = sourcecode.swift; path = "ViewController+Extension.swift"; sourceTree = "<group>"; };
		868AED812223EEF1001B8AAC /* CoreDataStack.swift */ = {isa = PBXFileReference; lastKnownFileType = sourcecode.swift; path = CoreDataStack.swift; sourceTree = "<group>"; };
		868AED8322268D2D001B8AAC /* Client.swift */ = {isa = PBXFileReference; lastKnownFileType = sourcecode.swift; path = Client.swift; sourceTree = "<group>"; };
		868AED8622269516001B8AAC /* PhotosParser.swift */ = {isa = PBXFileReference; lastKnownFileType = sourcecode.swift; path = PhotosParser.swift; sourceTree = "<group>"; };
		868AED8822269569001B8AAC /* Client+Extension.swift */ = {isa = PBXFileReference; lastKnownFileType = sourcecode.swift; path = "Client+Extension.swift"; sourceTree = "<group>"; };
		868AED8E2226A552001B8AAC /* PhotoAlbumViewController.swift */ = {isa = PBXFileReference; lastKnownFileType = sourcecode.swift; path = PhotoAlbumViewController.swift; sourceTree = "<group>"; };
		868AED902226A6BC001B8AAC /* Pin.swift */ = {isa = PBXFileReference; lastKnownFileType = sourcecode.swift; path = Pin.swift; sourceTree = "<group>"; };
		868AED922226A6E9001B8AAC /* Pin+CoreDataProperties.swift */ = {isa = PBXFileReference; lastKnownFileType = sourcecode.swift; path = "Pin+CoreDataProperties.swift"; sourceTree = "<group>"; };
		868AED942226B3C3001B8AAC /* Photo.swift */ = {isa = PBXFileReference; lastKnownFileType = sourcecode.swift; path = Photo.swift; sourceTree = "<group>"; };
		868AED962226F81A001B8AAC /* Photo+CoreDataProperties.swift */ = {isa = PBXFileReference; lastKnownFileType = sourcecode.swift; path = "Photo+CoreDataProperties.swift"; sourceTree = "<group>"; };
		868AED992227E0BC001B8AAC /* PhotoCollectionViewCell.swift */ = {isa = PBXFileReference; lastKnownFileType = sourcecode.swift; path = PhotoCollectionViewCell.swift; sourceTree = "<group>"; };
/* End PBXFileReference section */

/* Begin PBXFrameworksBuildPhase section */
		861D494D22127F8A00CF3449 /* Frameworks */ = {
			isa = PBXFrameworksBuildPhase;
			buildActionMask = 2147483647;
			files = (
			);
			runOnlyForDeploymentPostprocessing = 0;
		};
/* End PBXFrameworksBuildPhase section */

/* Begin PBXGroup section */
		861D494722127F8900CF3449 = {
			isa = PBXGroup;
			children = (
				861D495222127F8A00CF3449 /* VirtualTourist */,
				861D495122127F8A00CF3449 /* Products */,
			);
			sourceTree = "<group>";
		};
		861D495122127F8A00CF3449 /* Products */ = {
			isa = PBXGroup;
			children = (
				861D495022127F8A00CF3449 /* VirtualTourist.app */,
			);
			name = Products;
			sourceTree = "<group>";
		};
		861D495222127F8A00CF3449 /* VirtualTourist */ = {
			isa = PBXGroup;
			children = (
				861D495322127F8A00CF3449 /* AppDelegate.swift */,
				868AED812223EEF1001B8AAC /* CoreDataStack.swift */,
				868AED8522269509001B8AAC /* Models */,
				861D496A2212804600CF3449 /* Networking */,
				861D497C22167B1600CF3449 /* Extensions */,
				861D49682212801000CF3449 /* Controllers */,
				868AED982227E085001B8AAC /* CustomView */,
				861D49692212802200CF3449 /* View */,
				861D495D22127F8B00CF3449 /* Assets.xcassets */,
				861D496222127F8B00CF3449 /* Info.plist */,
				861D495A22127F8B00CF3449 /* VirtualTourist.xcdatamodeld */,
			);
			path = VirtualTourist;
			sourceTree = "<group>";
		};
		861D49682212801000CF3449 /* Controllers */ = {
			isa = PBXGroup;
			children = (
				861D497A2216647E00CF3449 /* TravelMapViewController.swift */,
				868AED8E2226A552001B8AAC /* PhotoAlbumViewController.swift */,
			);
			path = Controllers;
			sourceTree = "<group>";
		};
		861D49692212802200CF3449 /* View */ = {
			isa = PBXGroup;
			children = (
				861D495F22127F8B00CF3449 /* LaunchScreen.storyboard */,
				861D495722127F8A00CF3449 /* Main.storyboard */,
			);
			path = View;
			sourceTree = "<group>";
		};
		861D496A2212804600CF3449 /* Networking */ = {
			isa = PBXGroup;
			children = (
				868AED8322268D2D001B8AAC /* Client.swift */,
				868AED8822269569001B8AAC /* Client+Extension.swift */,
			);
			path = Networking;
			sourceTree = "<group>";
		};
		861D497C22167B1600CF3449 /* Extensions */ = {
			isa = PBXGroup;
			children = (
				861D497F22167B6A00CF3449 /* ViewController+Extension.swift */,
			);
			path = Extensions;
			sourceTree = "<group>";
		};
		868AED8522269509001B8AAC /* Models */ = {
			isa = PBXGroup;
			children = (
				868AED8622269516001B8AAC /* PhotosParser.swift */,
				868AED902226A6BC001B8AAC /* Pin.swift */,
				868AED922226A6E9001B8AAC /* Pin+CoreDataProperties.swift */,
				868AED942226B3C3001B8AAC /* Photo.swift */,
				868AED962226F81A001B8AAC /* Photo+CoreDataProperties.swift */,
			);
			path = Models;
			sourceTree = "<group>";
		};
		868AED982227E085001B8AAC /* CustomView */ = {
			isa = PBXGroup;
			children = (
				868AED992227E0BC001B8AAC /* PhotoCollectionViewCell.swift */,
			);
			path = CustomView;
			sourceTree = "<group>";
		};
/* End PBXGroup section */

/* Begin PBXNativeTarget section */
		861D494F22127F8A00CF3449 /* VirtualTourist */ = {
			isa = PBXNativeTarget;
			buildConfigurationList = 861D496522127F8B00CF3449 /* Build configuration list for PBXNativeTarget "VirtualTourist" */;
			buildPhases = (
				861D494C22127F8A00CF3449 /* Sources */,
				861D494D22127F8A00CF3449 /* Frameworks */,
				861D494E22127F8A00CF3449 /* Resources */,
			);
			buildRules = (
			);
			dependencies = (
			);
			name = VirtualTourist;
			productName = VirtualTourist;
			productReference = 861D495022127F8A00CF3449 /* VirtualTourist.app */;
			productType = "com.apple.product-type.application";
		};
/* End PBXNativeTarget section */

/* Begin PBXProject section */
		861D494822127F8900CF3449 /* Project object */ = {
			isa = PBXProject;
			attributes = {
				LastSwiftUpdateCheck = 0920;
				LastUpgradeCheck = 0920;
				ORGANIZATIONNAME = "Eyad Shokry";
				TargetAttributes = {
					861D494F22127F8A00CF3449 = {
						CreatedOnToolsVersion = 9.2;
						ProvisioningStyle = Automatic;
					};
				};
			};
			buildConfigurationList = 861D494B22127F8900CF3449 /* Build configuration list for PBXProject "VirtualTourist" */;
			compatibilityVersion = "Xcode 8.0";
			developmentRegion = en;
			hasScannedForEncodings = 0;
			knownRegions = (
				en,
				Base,
			);
			mainGroup = 861D494722127F8900CF3449;
			productRefGroup = 861D495122127F8A00CF3449 /* Products */;
			projectDirPath = "";
			projectRoot = "";
			targets = (
				861D494F22127F8A00CF3449 /* VirtualTourist */,
			);
		};
/* End PBXProject section */

/* Begin PBXResourcesBuildPhase section */
		861D494E22127F8A00CF3449 /* Resources */ = {
			isa = PBXResourcesBuildPhase;
			buildActionMask = 2147483647;
			files = (
				861D496122127F8B00CF3449 /* LaunchScreen.storyboard in Resources */,
				861D495E22127F8B00CF3449 /* Assets.xcassets in Resources */,
				861D495922127F8A00CF3449 /* Main.storyboard in Resources */,
			);
			runOnlyForDeploymentPostprocessing = 0;
		};
/* End PBXResourcesBuildPhase section */

/* Begin PBXSourcesBuildPhase section */
		861D494C22127F8A00CF3449 /* Sources */ = {
			isa = PBXSourcesBuildPhase;
			buildActionMask = 2147483647;
			files = (
				868AED952226B3C3001B8AAC /* Photo.swift in Sources */,
				868AED972226F81A001B8AAC /* Photo+CoreDataProperties.swift in Sources */,
				868AED8922269569001B8AAC /* Client+Extension.swift in Sources */,
				868AED822223EEF1001B8AAC /* CoreDataStack.swift in Sources */,
				868AED8F2226A552001B8AAC /* PhotoAlbumViewController.swift in Sources */,
				868AED932226A6E9001B8AAC /* Pin+CoreDataProperties.swift in Sources */,
				861D498022167B6A00CF3449 /* ViewController+Extension.swift in Sources */,
				868AED8422268D2D001B8AAC /* Client.swift in Sources */,
				868AED912226A6BC001B8AAC /* Pin.swift in Sources */,
				861D495422127F8A00CF3449 /* AppDelegate.swift in Sources */,
				861D495C22127F8B00CF3449 /* VirtualTourist.xcdatamodeld in Sources */,
				868AED9A2227E0BC001B8AAC /* PhotoCollectionViewCell.swift in Sources */,
				861D497B2216647E00CF3449 /* TravelMapViewController.swift in Sources */,
				868AED8722269516001B8AAC /* PhotosParser.swift in Sources */,
			);
			runOnlyForDeploymentPostprocessing = 0;
		};
/* End PBXSourcesBuildPhase section */

/* Begin PBXVariantGroup section */
		861D495722127F8A00CF3449 /* Main.storyboard */ = {
			isa = PBXVariantGroup;
			children = (
				861D495822127F8A00CF3449 /* Base */,
			);
			name = Main.storyboard;
			sourceTree = "<group>";
		};
		861D495F22127F8B00CF3449 /* LaunchScreen.storyboard */ = {
			isa = PBXVariantGroup;
			children = (
				861D496022127F8B00CF3449 /* Base */,
			);
			name = LaunchScreen.storyboard;
			sourceTree = "<group>";
		};
/* End PBXVariantGroup section */

/* Begin XCBuildConfiguration section */
		861D496322127F8B00CF3449 /* Debug */ = {
			isa = XCBuildConfiguration;
			buildSettings = {
				ALWAYS_SEARCH_USER_PATHS = NO;
				CLANG_ANALYZER_NONNULL = YES;
				CLANG_ANALYZER_NUMBER_OBJECT_CONVERSION = YES_AGGRESSIVE;
				CLANG_CXX_LANGUAGE_STANDARD = "gnu++14";
				CLANG_CXX_LIBRARY = "libc++";
				CLANG_ENABLE_MODULES = YES;
				CLANG_ENABLE_OBJC_ARC = YES;
				CLANG_WARN_BLOCK_CAPTURE_AUTORELEASING = YES;
				CLANG_WARN_BOOL_CONVERSION = YES;
				CLANG_WARN_COMMA = YES;
				CLANG_WARN_CONSTANT_CONVERSION = YES;
				CLANG_WARN_DIRECT_OBJC_ISA_USAGE = YES_ERROR;
				CLANG_WARN_DOCUMENTATION_COMMENTS = YES;
				CLANG_WARN_EMPTY_BODY = YES;
				CLANG_WARN_ENUM_CONVERSION = YES;
				CLANG_WARN_INFINITE_RECURSION = YES;
				CLANG_WARN_INT_CONVERSION = YES;
				CLANG_WARN_NON_LITERAL_NULL_CONVERSION = YES;
				CLANG_WARN_OBJC_LITERAL_CONVERSION = YES;
				CLANG_WARN_OBJC_ROOT_CLASS = YES_ERROR;
				CLANG_WARN_RANGE_LOOP_ANALYSIS = YES;
				CLANG_WARN_STRICT_PROTOTYPES = YES;
				CLANG_WARN_SUSPICIOUS_MOVE = YES;
				CLANG_WARN_UNGUARDED_AVAILABILITY = YES_AGGRESSIVE;
				CLANG_WARN_UNREACHABLE_CODE = YES;
				CLANG_WARN__DUPLICATE_METHOD_MATCH = YES;
				CODE_SIGN_IDENTITY = "iPhone Developer";
				COPY_PHASE_STRIP = NO;
				DEBUG_INFORMATION_FORMAT = dwarf;
				ENABLE_STRICT_OBJC_MSGSEND = YES;
				ENABLE_TESTABILITY = YES;
				GCC_C_LANGUAGE_STANDARD = gnu11;
				GCC_DYNAMIC_NO_PIC = NO;
				GCC_NO_COMMON_BLOCKS = YES;
				GCC_OPTIMIZATION_LEVEL = 0;
				GCC_PREPROCESSOR_DEFINITIONS = (
					"DEBUG=1",
					"$(inherited)",
				);
				GCC_WARN_64_TO_32_BIT_CONVERSION = YES;
				GCC_WARN_ABOUT_RETURN_TYPE = YES_ERROR;
				GCC_WARN_UNDECLARED_SELECTOR = YES;
				GCC_WARN_UNINITIALIZED_AUTOS = YES_AGGRESSIVE;
				GCC_WARN_UNUSED_FUNCTION = YES;
				GCC_WARN_UNUSED_VARIABLE = YES;
				IPHONEOS_DEPLOYMENT_TARGET = 11.2;
				MTL_ENABLE_DEBUG_INFO = YES;
				ONLY_ACTIVE_ARCH = YES;
				SDKROOT = iphoneos;
				SWIFT_ACTIVE_COMPILATION_CONDITIONS = DEBUG;
				SWIFT_OPTIMIZATION_LEVEL = "-Onone";
			};
			name = Debug;
		};
		861D496422127F8B00CF3449 /* Release */ = {
			isa = XCBuildConfiguration;
			buildSettings = {
				ALWAYS_SEARCH_USER_PATHS = NO;
				CLANG_ANALYZER_NONNULL = YES;
				CLANG_ANALYZER_NUMBER_OBJECT_CONVERSION = YES_AGGRESSIVE;
				CLANG_CXX_LANGUAGE_STANDARD = "gnu++14";
				CLANG_CXX_LIBRARY = "libc++";
				CLANG_ENABLE_MODULES = YES;
				CLANG_ENABLE_OBJC_ARC = YES;
				CLANG_WARN_BLOCK_CAPTURE_AUTORELEASING = YES;
				CLANG_WARN_BOOL_CONVERSION = YES;
				CLANG_WARN_COMMA = YES;
				CLANG_WARN_CONSTANT_CONVERSION = YES;
				CLANG_WARN_DIRECT_OBJC_ISA_USAGE = YES_ERROR;
				CLANG_WARN_DOCUMENTATION_COMMENTS = YES;
				CLANG_WARN_EMPTY_BODY = YES;
				CLANG_WARN_ENUM_CONVERSION = YES;
				CLANG_WARN_INFINITE_RECURSION = YES;
				CLANG_WARN_INT_CONVERSION = YES;
				CLANG_WARN_NON_LITERAL_NULL_CONVERSION = YES;
				CLANG_WARN_OBJC_LITERAL_CONVERSION = YES;
				CLANG_WARN_OBJC_ROOT_CLASS = YES_ERROR;
				CLANG_WARN_RANGE_LOOP_ANALYSIS = YES;
				CLANG_WARN_STRICT_PROTOTYPES = YES;
				CLANG_WARN_SUSPICIOUS_MOVE = YES;
				CLANG_WARN_UNGUARDED_AVAILABILITY = YES_AGGRESSIVE;
				CLANG_WARN_UNREACHABLE_CODE = YES;
				CLANG_WARN__DUPLICATE_METHOD_MATCH = YES;
				CODE_SIGN_IDENTITY = "iPhone Developer";
				COPY_PHASE_STRIP = NO;
				DEBUG_INFORMATION_FORMAT = "dwarf-with-dsym";
				ENABLE_NS_ASSERTIONS = NO;
				ENABLE_STRICT_OBJC_MSGSEND = YES;
				GCC_C_LANGUAGE_STANDARD = gnu11;
				GCC_NO_COMMON_BLOCKS = YES;
				GCC_WARN_64_TO_32_BIT_CONVERSION = YES;
				GCC_WARN_ABOUT_RETURN_TYPE = YES_ERROR;
				GCC_WARN_UNDECLARED_SELECTOR = YES;
				GCC_WARN_UNINITIALIZED_AUTOS = YES_AGGRESSIVE;
				GCC_WARN_UNUSED_FUNCTION = YES;
				GCC_WARN_UNUSED_VARIABLE = YES;
				IPHONEOS_DEPLOYMENT_TARGET = 11.2;
				MTL_ENABLE_DEBUG_INFO = NO;
				SDKROOT = iphoneos;
				SWIFT_OPTIMIZATION_LEVEL = "-Owholemodule";
				VALIDATE_PRODUCT = YES;
			};
			name = Release;
		};
		861D496622127F8B00CF3449 /* Debug */ = {
			isa = XCBuildConfiguration;
			buildSettings = {
				ASSETCATALOG_COMPILER_APPICON_NAME = AppIcon;
				CODE_SIGN_STYLE = Automatic;
				DEVELOPMENT_TEAM = 2Z55LCD455;
				INFOPLIST_FILE = VirtualTourist/Info.plist;
				LD_RUNPATH_SEARCH_PATHS = "$(inherited) @executable_path/Frameworks";
				PRODUCT_BUNDLE_IDENTIFIER = shokry.VirtualTourist;
				PRODUCT_NAME = "$(TARGET_NAME)";
				SWIFT_VERSION = 4.0;
				TARGETED_DEVICE_FAMILY = "1,2";
			};
			name = Debug;
		};
		861D496722127F8B00CF3449 /* Release */ = {
			isa = XCBuildConfiguration;
			buildSettings = {
				ASSETCATALOG_COMPILER_APPICON_NAME = AppIcon;
				CODE_SIGN_STYLE = Automatic;
				DEVELOPMENT_TEAM = 2Z55LCD455;
				INFOPLIST_FILE = VirtualTourist/Info.plist;
				LD_RUNPATH_SEARCH_PATHS = "$(inherited) @executable_path/Frameworks";
				PRODUCT_BUNDLE_IDENTIFIER = shokry.VirtualTourist;
				PRODUCT_NAME = "$(TARGET_NAME)";
				SWIFT_VERSION = 4.0;
				TARGETED_DEVICE_FAMILY = "1,2";
			};
			name = Release;
		};
/* End XCBuildConfiguration section */

/* Begin XCConfigurationList section */
		861D494B22127F8900CF3449 /* Build configuration list for PBXProject "VirtualTourist" */ = {
			isa = XCConfigurationList;
			buildConfigurations = (
				861D496322127F8B00CF3449 /* Debug */,
				861D496422127F8B00CF3449 /* Release */,
			);
			defaultConfigurationIsVisible = 0;
			defaultConfigurationName = Release;
		};
		861D496522127F8B00CF3449 /* Build configuration list for PBXNativeTarget "VirtualTourist" */ = {
			isa = XCConfigurationList;
			buildConfigurations = (
				861D496622127F8B00CF3449 /* Debug */,
				861D496722127F8B00CF3449 /* Release */,
			);
			defaultConfigurationIsVisible = 0;
			defaultConfigurationName = Release;
		};
/* End XCConfigurationList section */

/* Begin XCVersionGroup section */
		861D495A22127F8B00CF3449 /* VirtualTourist.xcdatamodeld */ = {
			isa = XCVersionGroup;
			children = (
				861D495B22127F8B00CF3449 /* VirtualTourist.xcdatamodel */,
			);
			currentVersion = 861D495B22127F8B00CF3449 /* VirtualTourist.xcdatamodel */;
			path = VirtualTourist.xcdatamodeld;
			sourceTree = "<group>";
			versionGroupType = wrapper.xcdatamodel;
		};
/* End XCVersionGroup section */
	};
	rootObject = 861D494822127F8900CF3449 /* Project object */;
}
